
Microsoft Visual Studio Solution File, Format Version 12.00
# Visual Studio Version 17
VisualStudioVersion = 17.7.34031.279
MinimumVisualStudioVersion = 10.0.40219.1
Project("{9A19103F-16F7-4668-BE54-9A1E7A4F7556}") = "WebApp1", "WebApp1\WebApp1.csproj", "{0651CE20-65DE-472A-B950-0D6B218FA1C9}"
EndProject
Project("{9A19103F-16F7-4668-BE54-9A1E7A4F7556}") = "Lab1", "Lab1\Lab1.csproj", "{D94D3E17-3541-49B3-B839-4B3551C069FD}"
EndProject
Project("{FAE04EC0-301F-11D3-BF4B-00C04F79EFBC}") = "Lab2", "Lab2\Lab2.csproj", "{048D7971-2DE9-4A8F-9BFC-8B33C5ACC495}"
EndProject
Project("{FAE04EC0-301F-11D3-BF4B-00C04F79EFBC}") = "Lab2_1", "Lab2_1\Lab2_1.csproj", "{F205F098-37E7-461D-BE3B-B5F5A73ED160}"
EndProject
Global
	GlobalSection(SolutionConfigurationPlatforms) = preSolution
		Debug|Any CPU = Debug|Any CPU
		Release|Any CPU = Release|Any CPU
	EndGlobalSection
	GlobalSection(ProjectConfigurationPlatforms) = postSolution
		{0651CE20-65DE-472A-B950-0D6B218FA1C9}.Debug|Any CPU.ActiveCfg = Debug|Any CPU
		{0651CE20-65DE-472A-B950-0D6B218FA1C9}.Debug|Any CPU.Build.0 = Debug|Any CPU
		{0651CE20-65DE-472A-B950-0D6B218FA1C9}.Release|Any CPU.ActiveCfg = Release|Any CPU
		{0651CE20-65DE-472A-B950-0D6B218FA1C9}.Release|Any CPU.Build.0 = Release|Any CPU
		{D94D3E17-3541-49B3-B839-4B3551C069FD}.Debug|Any CPU.ActiveCfg = Debug|Any CPU
		{D94D3E17-3541-49B3-B839-4B3551C069FD}.Debug|Any CPU.Build.0 = Debug|Any CPU
		{D94D3E17-3541-49B3-B839-4B3551C069FD}.Release|Any CPU.ActiveCfg = Release|Any CPU
		{D94D3E17-3541-49B3-B839-4B3551C069FD}.Release|Any CPU.Build.0 = Release|Any CPU
		{048D7971-2DE9-4A8F-9BFC-8B33C5ACC495}.Debug|Any CPU.ActiveCfg = Debug|Any CPU
		{048D7971-2DE9-4A8F-9BFC-8B33C5ACC495}.Debug|Any CPU.Build.0 = Debug|Any CPU
		{048D7971-2DE9-4A8F-9BFC-8B33C5ACC495}.Release|Any CPU.ActiveCfg = Release|Any CPU
		{048D7971-2DE9-4A8F-9BFC-8B33C5ACC495}.Release|Any CPU.Build.0 = Release|Any CPU
		{F205F098-37E7-461D-BE3B-B5F5A73ED160}.Debug|Any CPU.ActiveCfg = Debug|Any CPU
		{F205F098-37E7-461D-BE3B-B5F5A73ED160}.Debug|Any CPU.Build.0 = Debug|Any CPU
		{F205F098-37E7-461D-BE3B-B5F5A73ED160}.Release|Any CPU.ActiveCfg = Release|Any CPU
		{F205F098-37E7-461D-BE3B-B5F5A73ED160}.Release|Any CPU.Build.0 = Release|Any CPU
	EndGlobalSection
	GlobalSection(SolutionProperties) = preSolution
		HideSolutionNode = FALSE
	EndGlobalSection
	GlobalSection(ExtensibilityGlobals) = postSolution
		SolutionGuid = {1432ED61-D8D8-47DE-BCD2-9B423477B844}
	EndGlobalSection
EndGlobal
